{
	"name": "lolly",
	"lockfileVersion": 2,
	"requires": true,
	"packages": {
		"": {
			"dependencies": {
				"zola-bin": "0.1.0"
			}
		},
		"node_modules/zola-bin": {
			"version": "0.1.0",
			"resolved": "https://registry.npmjs.org/zola-bin/-/zola-bin-0.1.0.tgz",
			"integrity": "sha512-iFXKlH4cS9C0qPslAzynLhy3zy4K9cph0LwYcMY0Fs8FhNfYWFKdLJ3ak4pGeuHreLKsfndjEOBJ12h8qSyZvw==",
			"bin": {
				"zola-bin": "bin/zola.js"
			},
			"optionalDependencies": {
				"zola-bin-darwin": "latest",
				"zola-bin-linux": "latest",
				"zola-bin-win32": "latest"
			}
		},
		"node_modules/zola-bin-darwin": {
			"version": "0.0.4",
			"resolved": "https://registry.npmjs.org/zola-bin-darwin/-/zola-bin-darwin-0.0.4.tgz",
			"integrity": "sha512-0RnF9LaYNCRKVWd1NFuF6Ofby9ovJ/ZxAWT6dfYMKEcBW0SkDY0t4JT8IFL1XpkChkhGMShGPpoZ3qhV0m9Umw==",
			"optional": true,
			"os": [
				"darwin"
			]
		},
		"node_modules/zola-bin-linux": {
			"version": "0.0.4",
			"resolved": "https://registry.npmjs.org/zola-bin-linux/-/zola-bin-linux-0.0.4.tgz",
			"integrity": "sha512-fkx7usXZbHS3JjW40tc4Wx4fQMYaLKoePQcsfu5vOT/AdFmRFLCXOICELVkBCtiv6wrXJUu6jZxuqvi6BE/eEQ==",
			"optional": true,
			"os": [
				"linux"
			]
		},
		"node_modules/zola-bin-win32": {
			"version": "0.0.4",
			"resolved": "https://registry.npmjs.org/zola-bin-win32/-/zola-bin-win32-0.0.4.tgz",
			"integrity": "sha512-SM2oCii3zDLQr54/NOAETMWlJ8yy9i7x66BfoboMYqNEKbnpV7cLBWw4p+uL5PmkDbigWRxeuk7qloEmLX2G0w==",
			"optional": true,
			"os": [
				"win32"
			]
		}
	},
	"dependencies": {
		"zola-bin": {
			"version": "0.1.0",
			"resolved": "https://registry.npmjs.org/zola-bin/-/zola-bin-0.1.0.tgz",
			"integrity": "sha512-iFXKlH4cS9C0qPslAzynLhy3zy4K9cph0LwYcMY0Fs8FhNfYWFKdLJ3ak4pGeuHreLKsfndjEOBJ12h8qSyZvw==",
			"requires": {
				"zola-bin-darwin": "latest",
				"zola-bin-linux": "latest",
				"zola-bin-win32": "latest"
			}
		},
		"zola-bin-darwin": {
			"version": "0.0.4",
			"resolved": "https://registry.npmjs.org/zola-bin-darwin/-/zola-bin-darwin-0.0.4.tgz",
			"integrity": "sha512-0RnF9LaYNCRKVWd1NFuF6Ofby9ovJ/ZxAWT6dfYMKEcBW0SkDY0t4JT8IFL1XpkChkhGMShGPpoZ3qhV0m9Umw==",
			"optional": true
		},
		"zola-bin-linux": {
			"version": "0.0.4",
			"resolved": "https://registry.npmjs.org/zola-bin-linux/-/zola-bin-linux-0.0.4.tgz",
			"integrity": "sha512-fkx7usXZbHS3JjW40tc4Wx4fQMYaLKoePQcsfu5vOT/AdFmRFLCXOICELVkBCtiv6wrXJUu6jZxuqvi6BE/eEQ==",
			"optional": true
		},
		"zola-bin-win32": {
			"version": "0.0.4",
			"resolved": "https://registry.npmjs.org/zola-bin-win32/-/zola-bin-win32-0.0.4.tgz",
			"integrity": "sha512-SM2oCii3zDLQr54/NOAETMWlJ8yy9i7x66BfoboMYqNEKbnpV7cLBWw4p+uL5PmkDbigWRxeuk7qloEmLX2G0w==",
			"optional": true
		}
	}
}
