{
	"name": "simple-zola-site",
	"lockfileVersion": 2,
	"requires": true,
	"packages": {
		"": {
			"dependencies": {
				"zola-bin": "0.1.0"
			}
		},
		"node_modules/zola-bin": {
			"version": "0.1.0",
			"resolved": "https://registry.npmjs.org/zola-bin/-/zola-bin-0.1.0.tgz",
			"integrity": "sha512-iFXKlH4cS9C0qPslAzynLhy3zy4K9cph0LwYcMY0Fs8FhNfYWFKdLJ3ak4pGeuHreLKsfndjEOBJ12h8qSyZvw==",
			"bin": {
				"zola-bin": "bin/zola.js"
			},
			"optionalDependencies": {
				"zola-bin-darwin": "latest",
				"zola-bin-linux": "latest",
				"zola-bin-win32": "latest"
			}
		},
		"node_modules/zola-bin-darwin": {
			"version": "0.15.2",
			"resolved": "https://registry.npmjs.org/zola-bin-darwin/-/zola-bin-darwin-0.15.2.tgz",
			"integrity": "sha512-pF49ErKcuUVlLVRUbx48raQcnWl2kSRyyWYGnwwIPE+4NNABKVsPTEhOT/Z5aFVBAcyi7XvGInRR6h4naFq2wA==",
			"optional": true,
			"os": [
				"darwin"
			]
		},
		"node_modules/zola-bin-linux": {
			"version": "0.15.2",
			"resolved": "https://registry.npmjs.org/zola-bin-linux/-/zola-bin-linux-0.15.2.tgz",
			"integrity": "sha512-oiOpqllC0cnal3eTgdG5gkUidnXAMXwdthtW+awlBXQKzeAYOc31J3O9W5LqtFuLGSFxo/Y2JQa1+0ZPPDnXnA==",
			"optional": true,
			"os": [
				"linux"
			]
		},
		"node_modules/zola-bin-win32": {
			"version": "0.15.2",
			"resolved": "https://registry.npmjs.org/zola-bin-win32/-/zola-bin-win32-0.15.2.tgz",
			"integrity": "sha512-CeovIZbwAGT4IHLHgO4UL91TmuguvsfEZlMy4HL33PrM7ohUb3rc5jihmGWGDbjoOFAJMAqBKWSYIuE63mrsjw==",
			"optional": true,
			"os": [
				"win32"
			]
		}
	},
	"dependencies": {
		"zola-bin": {
			"version": "0.1.0",
			"resolved": "https://registry.npmjs.org/zola-bin/-/zola-bin-0.1.0.tgz",
			"integrity": "sha512-iFXKlH4cS9C0qPslAzynLhy3zy4K9cph0LwYcMY0Fs8FhNfYWFKdLJ3ak4pGeuHreLKsfndjEOBJ12h8qSyZvw==",
			"requires": {
				"zola-bin-darwin": "latest",
				"zola-bin-linux": "latest",
				"zola-bin-win32": "latest"
			}
		},
		"zola-bin-darwin": {
			"version": "0.15.2",
			"resolved": "https://registry.npmjs.org/zola-bin-darwin/-/zola-bin-darwin-0.15.2.tgz",
			"integrity": "sha512-pF49ErKcuUVlLVRUbx48raQcnWl2kSRyyWYGnwwIPE+4NNABKVsPTEhOT/Z5aFVBAcyi7XvGInRR6h4naFq2wA==",
			"optional": true
		},
		"zola-bin-linux": {
			"version": "0.15.2",
			"resolved": "https://registry.npmjs.org/zola-bin-linux/-/zola-bin-linux-0.15.2.tgz",
			"integrity": "sha512-oiOpqllC0cnal3eTgdG5gkUidnXAMXwdthtW+awlBXQKzeAYOc31J3O9W5LqtFuLGSFxo/Y2JQa1+0ZPPDnXnA==",
			"optional": true
		},
		"zola-bin-win32": {
			"version": "0.15.2",
			"resolved": "https://registry.npmjs.org/zola-bin-win32/-/zola-bin-win32-0.15.2.tgz",
			"integrity": "sha512-CeovIZbwAGT4IHLHgO4UL91TmuguvsfEZlMy4HL33PrM7ohUb3rc5jihmGWGDbjoOFAJMAqBKWSYIuE63mrsjw==",
			"optional": true
		}
	}
}
