{
	"name": "zola-tooling-project",
	"version": "0.1.0",
	"lockfileVersion": 2,
	"requires": true,
	"packages": {
		"": {
			"name": "zola-tooling-project",
			"version": "0.1.0",
			"workspaces": [
				"packages/create-zola-site",
				"packages/zola-bin"
			],
			"dependencies": {
				"@octokit/rest": "^19.0.4",
				"extract-zip": "^2.0.1",
				"tar": "^6.1.11"
			},
			"devDependencies": {
				"@types/node": "^18.7.23"
			}
		},
		"node_modules/@octokit/auth-token": {
			"version": "3.0.1",
			"resolved": "https://registry.npmjs.org/@octokit/auth-token/-/auth-token-3.0.1.tgz",
			"integrity": "sha512-/USkK4cioY209wXRpund6HZzHo9GmjakpV9ycOkpMcMxMk7QVcVFVyCMtzvXYiHsB2crgDgrtNYSELYFBXhhaA==",
			"dependencies": {
				"@octokit/types": "^7.0.0"
			},
			"engines": {
				"node": ">= 14"
			}
		},
		"node_modules/@octokit/core": {
			"version": "4.0.5",
			"resolved": "https://registry.npmjs.org/@octokit/core/-/core-4.0.5.tgz",
			"integrity": "sha512-4R3HeHTYVHCfzSAi0C6pbGXV8UDI5Rk+k3G7kLVNckswN9mvpOzW9oENfjfH3nEmzg8y3AmKmzs8Sg6pLCeOCA==",
			"dependencies": {
				"@octokit/auth-token": "^3.0.0",
				"@octokit/graphql": "^5.0.0",
				"@octokit/request": "^6.0.0",
				"@octokit/request-error": "^3.0.0",
				"@octokit/types": "^7.0.0",
				"before-after-hook": "^2.2.0",
				"universal-user-agent": "^6.0.0"
			},
			"engines": {
				"node": ">= 14"
			}
		},
		"node_modules/@octokit/endpoint": {
			"version": "7.0.1",
			"resolved": "https://registry.npmjs.org/@octokit/endpoint/-/endpoint-7.0.1.tgz",
			"integrity": "sha512-/wTXAJwt0HzJ2IeE4kQXO+mBScfzyCkI0hMtkIaqyXd9zg76OpOfNQfHL9FlaxAV2RsNiOXZibVWloy8EexENg==",
			"dependencies": {
				"@octokit/types": "^7.0.0",
				"is-plain-object": "^5.0.0",
				"universal-user-agent": "^6.0.0"
			},
			"engines": {
				"node": ">= 14"
			}
		},
		"node_modules/@octokit/graphql": {
			"version": "5.0.1",
			"resolved": "https://registry.npmjs.org/@octokit/graphql/-/graphql-5.0.1.tgz",
			"integrity": "sha512-sxmnewSwAixkP1TrLdE6yRG53eEhHhDTYUykUwdV9x8f91WcbhunIHk9x1PZLALdBZKRPUO2HRcm4kezZ79HoA==",
			"dependencies": {
				"@octokit/request": "^6.0.0",
				"@octokit/types": "^7.0.0",
				"universal-user-agent": "^6.0.0"
			},
			"engines": {
				"node": ">= 14"
			}
		},
		"node_modules/@octokit/openapi-types": {
			"version": "13.0.1",
			"resolved": "https://registry.npmjs.org/@octokit/openapi-types/-/openapi-types-13.0.1.tgz",
			"integrity": "sha512-40U39YoFBhJhmkAg6gbJnh9U8aueJwCuiTW0mXY2pNl9/+E7dUxXiMPOrIUGT12XqLinroaXYA3FUiw3BMeNfg=="
		},
		"node_modules/@octokit/plugin-paginate-rest": {
			"version": "4.0.0",
			"resolved": "https://registry.npmjs.org/@octokit/plugin-paginate-rest/-/plugin-paginate-rest-4.0.0.tgz",
			"integrity": "sha512-g4GJMt/7VDmIMMdQenN6bmsmRoZca1c7IxOdF2yMiMwQYrE2bmmypGQeQSD5rsaffsFMCUS7Br4pMVZamareYA==",
			"dependencies": {
				"@octokit/types": "^7.0.0"
			},
			"engines": {
				"node": ">= 14"
			},
			"peerDependencies": {
				"@octokit/core": ">=4"
			}
		},
		"node_modules/@octokit/plugin-request-log": {
			"version": "1.0.4",
			"resolved": "https://registry.npmjs.org/@octokit/plugin-request-log/-/plugin-request-log-1.0.4.tgz",
			"integrity": "sha512-mLUsMkgP7K/cnFEw07kWqXGF5LKrOkD+lhCrKvPHXWDywAwuDUeDwWBpc69XK3pNX0uKiVt8g5z96PJ6z9xCFA==",
			"peerDependencies": {
				"@octokit/core": ">=3"
			}
		},
		"node_modules/@octokit/plugin-rest-endpoint-methods": {
			"version": "6.3.0",
			"resolved": "https://registry.npmjs.org/@octokit/plugin-rest-endpoint-methods/-/plugin-rest-endpoint-methods-6.3.0.tgz",
			"integrity": "sha512-qEu2wn6E7hqluZwIEUnDxWROvKjov3zMIAi4H4d7cmKWNMeBprEXZzJe8pE5eStUYC1ysGhD0B7L6IeG1Rfb+g==",
			"dependencies": {
				"@octokit/types": "^7.0.0",
				"deprecation": "^2.3.1"
			},
			"engines": {
				"node": ">= 14"
			},
			"peerDependencies": {
				"@octokit/core": ">=3"
			}
		},
		"node_modules/@octokit/request": {
			"version": "6.2.1",
			"resolved": "https://registry.npmjs.org/@octokit/request/-/request-6.2.1.tgz",
			"integrity": "sha512-gYKRCia3cpajRzDSU+3pt1q2OcuC6PK8PmFIyxZDWCzRXRSIBH8jXjFJ8ZceoygBIm0KsEUg4x1+XcYBz7dHPQ==",
			"dependencies": {
				"@octokit/endpoint": "^7.0.0",
				"@octokit/request-error": "^3.0.0",
				"@octokit/types": "^7.0.0",
				"is-plain-object": "^5.0.0",
				"node-fetch": "^2.6.7",
				"universal-user-agent": "^6.0.0"
			},
			"engines": {
				"node": ">= 14"
			}
		},
		"node_modules/@octokit/request-error": {
			"version": "3.0.1",
			"resolved": "https://registry.npmjs.org/@octokit/request-error/-/request-error-3.0.1.tgz",
			"integrity": "sha512-ym4Bp0HTP7F3VFssV88WD1ZyCIRoE8H35pXSKwLeMizcdZAYc/t6N9X9Yr9n6t3aG9IH75XDnZ6UeZph0vHMWQ==",
			"dependencies": {
				"@octokit/types": "^7.0.0",
				"deprecation": "^2.0.0",
				"once": "^1.4.0"
			},
			"engines": {
				"node": ">= 14"
			}
		},
		"node_modules/@octokit/rest": {
			"version": "19.0.4",
			"resolved": "https://registry.npmjs.org/@octokit/rest/-/rest-19.0.4.tgz",
			"integrity": "sha512-LwG668+6lE8zlSYOfwPj4FxWdv/qFXYBpv79TWIQEpBLKA9D/IMcWsF/U9RGpA3YqMVDiTxpgVpEW3zTFfPFTA==",
			"dependencies": {
				"@octokit/core": "^4.0.0",
				"@octokit/plugin-paginate-rest": "^4.0.0",
				"@octokit/plugin-request-log": "^1.0.4",
				"@octokit/plugin-rest-endpoint-methods": "^6.0.0"
			},
			"engines": {
				"node": ">= 14"
			}
		},
		"node_modules/@octokit/types": {
			"version": "7.0.0",
			"resolved": "https://registry.npmjs.org/@octokit/types/-/types-7.0.0.tgz",
			"integrity": "sha512-8uSDc66p6+wADn6lh6lA7I3ZTIapn7F/dfpsiDztVjEr6kkyKR3qPqa4lgEX92O/8iJoDeGcscKRXGAjCSR/zg==",
			"dependencies": {
				"@octokit/openapi-types": "^13.0.0"
			}
		},
		"node_modules/@types/node": {
			"version": "18.7.23",
			"resolved": "https://registry.npmjs.org/@types/node/-/node-18.7.23.tgz",
			"integrity": "sha512-DWNcCHolDq0ZKGizjx2DZjR/PqsYwAcYUJmfMWqtVU2MBMG5Mo+xFZrhGId5r/O5HOuMPyQEcM6KUBp5lBZZBg==",
			"devOptional": true
		},
		"node_modules/@types/yauzl": {
			"version": "2.10.0",
			"resolved": "https://registry.npmjs.org/@types/yauzl/-/yauzl-2.10.0.tgz",
			"integrity": "sha512-Cn6WYCm0tXv8p6k+A8PvbDG763EDpBoTzHdA+Q/MF6H3sapGjCm9NzoaJncJS9tUKSuCoDs9XHxYYsQDgxR6kw==",
			"optional": true,
			"dependencies": {
				"@types/node": "*"
			}
		},
		"node_modules/ansi-regex": {
			"version": "5.0.1",
			"resolved": "https://registry.npmjs.org/ansi-regex/-/ansi-regex-5.0.1.tgz",
			"integrity": "sha512-quJQXlTSUGL2LH9SUXo8VwsY4soanhgo6LNSm84E1LBcE8s3O0wpdiRzyR9z/ZZJMlMWv37qOOb9pdJlMUEKFQ==",
			"engines": {
				"node": ">=8"
			}
		},
		"node_modules/ansi-styles": {
			"version": "4.3.0",
			"resolved": "https://registry.npmjs.org/ansi-styles/-/ansi-styles-4.3.0.tgz",
			"integrity": "sha512-zbB9rCJAT1rbjiVDb2hqKFHNYLxgtk8NURxZ3IZwD3F6NtxbXZQCnnSi1Lkx+IDohdPlFp222wVALIheZJQSEg==",
			"dependencies": {
				"color-convert": "^2.0.1"
			},
			"engines": {
				"node": ">=8"
			},
			"funding": {
				"url": "https://github.com/chalk/ansi-styles?sponsor=1"
			}
		},
		"node_modules/before-after-hook": {
			"version": "2.2.2",
			"resolved": "https://registry.npmjs.org/before-after-hook/-/before-after-hook-2.2.2.tgz",
			"integrity": "sha512-3pZEU3NT5BFUo/AD5ERPWOgQOCZITni6iavr5AUw5AUwQjMlI0kzu5btnyD39AF0gUEsDPwJT+oY1ORBJijPjQ=="
		},
		"node_modules/buffer-crc32": {
			"version": "0.2.13",
			"resolved": "https://registry.npmjs.org/buffer-crc32/-/buffer-crc32-0.2.13.tgz",
			"integrity": "sha512-VO9Ht/+p3SN7SKWqcrgEzjGbRSJYTx+Q1pTQC0wrWqHx0vpJraQ6GtHx8tvcg1rlK1byhU5gccxgOgj7B0TDkQ==",
			"engines": {
				"node": "*"
			}
		},
		"node_modules/builtins": {
			"version": "5.0.1",
			"resolved": "https://registry.npmjs.org/builtins/-/builtins-5.0.1.tgz",
			"integrity": "sha512-qwVpFEHNfhYJIzNRBvd2C1kyo6jz3ZSMPyyuR47OPdiKWlbYnZNyDWuyR175qDnAJLiCo5fBBqPb3RiXgWlkOQ==",
			"dependencies": {
				"semver": "^7.0.0"
			}
		},
		"node_modules/chownr": {
			"version": "2.0.0",
			"resolved": "https://registry.npmjs.org/chownr/-/chownr-2.0.0.tgz",
			"integrity": "sha512-bIomtDF5KGpdogkLd9VspvFzk9KfpyyGlS8YFVZl7TGPBHL5snIOnxeshwVgPteQ9b4Eydl+pVbIyE1DcvCWgQ==",
			"engines": {
				"node": ">=10"
			}
		},
		"node_modules/cliui": {
			"version": "7.0.4",
			"resolved": "https://registry.npmjs.org/cliui/-/cliui-7.0.4.tgz",
			"integrity": "sha512-OcRE68cOsVMXp1Yvonl/fzkQOyjLSu/8bhPDfQt0e0/Eb283TKP20Fs2MqoPsr9SwA595rRCA+QMzYc9nBP+JQ==",
			"dependencies": {
				"string-width": "^4.2.0",
				"strip-ansi": "^6.0.0",
				"wrap-ansi": "^7.0.0"
			}
		},
		"node_modules/color-convert": {
			"version": "2.0.1",
			"resolved": "https://registry.npmjs.org/color-convert/-/color-convert-2.0.1.tgz",
			"integrity": "sha512-RRECPsj7iu/xb5oKYcsFHSppFNnsj/52OVTRKb4zP5onXwVF3zVmmToNcOfGC+CRDpfK/U584fMg38ZHCaElKQ==",
			"dependencies": {
				"color-name": "~1.1.4"
			},
			"engines": {
				"node": ">=7.0.0"
			}
		},
		"node_modules/color-name": {
			"version": "1.1.4",
			"resolved": "https://registry.npmjs.org/color-name/-/color-name-1.1.4.tgz",
			"integrity": "sha512-dOy+3AuW3a2wNbZHIuMZpTcgjGuLU/uBL/ubcZF9OXbDo8ff4O8yVp5Bf0efS8uEoYo5q4Fx7dY9OgQGXgAsQA=="
		},
		"node_modules/create-zola-site": {
			"resolved": "packages/create-zola-site",
			"link": true
		},
		"node_modules/debug": {
			"version": "4.3.4",
			"resolved": "https://registry.npmjs.org/debug/-/debug-4.3.4.tgz",
			"integrity": "sha512-PRWFHuSU3eDtQJPvnNY7Jcket1j0t5OuOsFzPPzsekD52Zl8qUfFIPEiswXqIvHWGVHOgX+7G/vCNNhehwxfkQ==",
			"dependencies": {
				"ms": "2.1.2"
			},
			"engines": {
				"node": ">=6.0"
			},
			"peerDependenciesMeta": {
				"supports-color": {
					"optional": true
				}
			}
		},
		"node_modules/deprecation": {
			"version": "2.3.1",
			"resolved": "https://registry.npmjs.org/deprecation/-/deprecation-2.3.1.tgz",
			"integrity": "sha512-xmHIy4F3scKVwMsQ4WnVaS8bHOx0DmVwRywosKhaILI0ywMDWPtBSku2HNxRvF7jtwDRsoEwYQSfbxj8b7RlJQ=="
		},
		"node_modules/dotenv": {
			"version": "16.0.1",
			"resolved": "https://registry.npmjs.org/dotenv/-/dotenv-16.0.1.tgz",
			"integrity": "sha512-1K6hR6wtk2FviQ4kEiSjFiH5rpzEVi8WW0x96aztHVMhEspNpc4DVOUTEHtEva5VThQ8IaBX1Pe4gSzpVVUsKQ==",
			"engines": {
				"node": ">=12"
			}
		},
		"node_modules/emoji-regex": {
			"version": "8.0.0",
			"resolved": "https://registry.npmjs.org/emoji-regex/-/emoji-regex-8.0.0.tgz",
			"integrity": "sha512-MSjYzcWNOA0ewAHpz0MxpYFvwg6yjy1NG3xteoqz644VCo/RPgnr1/GGt+ic3iJTzQ8Eu3TdM14SawnVUmGE6A=="
		},
		"node_modules/end-of-stream": {
			"version": "1.4.4",
			"resolved": "https://registry.npmjs.org/end-of-stream/-/end-of-stream-1.4.4.tgz",
			"integrity": "sha512-+uw1inIHVPQoaVuHzRyXd21icM+cnt4CzD5rW+NC1wjOUSTOs+Te7FOv7AhN7vS9x/oIyhLP5PR1H+phQAHu5Q==",
			"dependencies": {
				"once": "^1.4.0"
			}
		},
		"node_modules/escalade": {
			"version": "3.1.1",
			"resolved": "https://registry.npmjs.org/escalade/-/escalade-3.1.1.tgz",
			"integrity": "sha512-k0er2gUkLf8O0zKJiAhmkTnJlTvINGv7ygDNPbeIsX/TJjGJZHuh9B2UxbsaEkmlEo9MfhrSzmhIlhRlI2GXnw==",
			"engines": {
				"node": ">=6"
			}
		},
		"node_modules/extract-zip": {
			"version": "2.0.1",
			"resolved": "https://registry.npmjs.org/extract-zip/-/extract-zip-2.0.1.tgz",
			"integrity": "sha512-GDhU9ntwuKyGXdZBUgTIe+vXnWj0fppUEtMDL0+idd5Sta8TGpHssn/eusA9mrPr9qNDym6SxAYZjNvCn/9RBg==",
			"dependencies": {
				"debug": "^4.1.1",
				"get-stream": "^5.1.0",
				"yauzl": "^2.10.0"
			},
			"bin": {
				"extract-zip": "cli.js"
			},
			"engines": {
				"node": ">= 10.17.0"
			},
			"optionalDependencies": {
				"@types/yauzl": "^2.9.1"
			}
		},
		"node_modules/fd-slicer": {
			"version": "1.1.0",
			"resolved": "https://registry.npmjs.org/fd-slicer/-/fd-slicer-1.1.0.tgz",
			"integrity": "sha512-cE1qsB/VwyQozZ+q1dGxR8LBYNZeofhEdUNGSMbQD3Gw2lAzX9Zb3uIU6Ebc/Fmyjo9AWWfnn0AUCHqtevs/8g==",
			"dependencies": {
				"pend": "~1.2.0"
			}
		},
		"node_modules/fs-minipass": {
			"version": "2.1.0",
			"resolved": "https://registry.npmjs.org/fs-minipass/-/fs-minipass-2.1.0.tgz",
			"integrity": "sha512-V/JgOLFCS+R6Vcq0slCuaeWEdNC3ouDlJMNIsacH2VtALiu9mV4LPrHc5cDl8k5aw6J8jwgWWpiTo5RYhmIzvg==",
			"dependencies": {
				"minipass": "^3.0.0"
			},
			"engines": {
				"node": ">= 8"
			}
		},
		"node_modules/get-caller-file": {
			"version": "2.0.5",
			"resolved": "https://registry.npmjs.org/get-caller-file/-/get-caller-file-2.0.5.tgz",
			"integrity": "sha512-DyFP3BM/3YHTQOCUL/w0OZHR0lpKeGrxotcHWcqNEdnltqFwXVfhEBQ94eIo34AfQpo0rGki4cyIiftY06h2Fg==",
			"engines": {
				"node": "6.* || 8.* || >= 10.*"
			}
		},
		"node_modules/get-stream": {
			"version": "5.2.0",
			"resolved": "https://registry.npmjs.org/get-stream/-/get-stream-5.2.0.tgz",
			"integrity": "sha512-nBF+F1rAZVCu/p7rjzgA+Yb4lfYXrpl7a6VmJrU8wF9I1CKvP/QwPNZHnOlwbTkY6dvtFIzFMSyQXbLoTQPRpA==",
			"dependencies": {
				"pump": "^3.0.0"
			},
			"engines": {
				"node": ">=8"
			},
			"funding": {
				"url": "https://github.com/sponsors/sindresorhus"
			}
		},
		"node_modules/is-fullwidth-code-point": {
			"version": "3.0.0",
			"resolved": "https://registry.npmjs.org/is-fullwidth-code-point/-/is-fullwidth-code-point-3.0.0.tgz",
			"integrity": "sha512-zymm5+u+sCsSWyD9qNaejV3DFvhCKclKdizYaJUuHA83RLjb7nSuGnddCHGv0hk+KY7BMAlsWeK4Ueg6EV6XQg==",
			"engines": {
				"node": ">=8"
			}
		},
		"node_modules/is-plain-object": {
			"version": "5.0.0",
			"resolved": "https://registry.npmjs.org/is-plain-object/-/is-plain-object-5.0.0.tgz",
			"integrity": "sha512-VRSzKkbMm5jMDoKLbltAkFQ5Qr7VDiTFGXxYFXXowVj387GeGNOCsOH6Msy00SGZ3Fp84b1Naa1psqgcCIEP5Q==",
			"engines": {
				"node": ">=0.10.0"
			}
		},
		"node_modules/kleur": {
			"version": "3.0.3",
			"resolved": "https://registry.npmjs.org/kleur/-/kleur-3.0.3.tgz",
			"integrity": "sha512-eTIzlVOSUR+JxdDFepEYcBMtZ9Qqdef+rnzWdRZuMbOywu5tO2w2N7rqjoANZ5k9vywhL6Br1VRjUIgTQx4E8w==",
			"engines": {
				"node": ">=6"
			}
		},
		"node_modules/lru-cache": {
			"version": "6.0.0",
			"resolved": "https://registry.npmjs.org/lru-cache/-/lru-cache-6.0.0.tgz",
			"integrity": "sha512-Jo6dJ04CmSjuznwJSS3pUeWmd/H0ffTlkXXgwZi+eq1UCmqQwCh+eLsYOYCwY991i2Fah4h1BEMCx4qThGbsiA==",
			"dependencies": {
				"yallist": "^4.0.0"
			},
			"engines": {
				"node": ">=10"
			}
		},
		"node_modules/minipass": {
			"version": "3.3.4",
			"resolved": "https://registry.npmjs.org/minipass/-/minipass-3.3.4.tgz",
			"integrity": "sha512-I9WPbWHCGu8W+6k1ZiGpPu0GkoKBeorkfKNuAFBNS1HNFJvke82sxvI5bzcCNpWPorkOO5QQ+zomzzwRxejXiw==",
			"dependencies": {
				"yallist": "^4.0.0"
			},
			"engines": {
				"node": ">=8"
			}
		},
		"node_modules/minizlib": {
			"version": "2.1.2",
			"resolved": "https://registry.npmjs.org/minizlib/-/minizlib-2.1.2.tgz",
			"integrity": "sha512-bAxsR8BVfj60DWXHE3u30oHzfl4G7khkSuPW+qvpd7jFRHm7dLxOjUk1EHACJ/hxLY8phGJ0YhYHZo7jil7Qdg==",
			"dependencies": {
				"minipass": "^3.0.0",
				"yallist": "^4.0.0"
			},
			"engines": {
				"node": ">= 8"
			}
		},
		"node_modules/mkdirp": {
			"version": "1.0.4",
			"resolved": "https://registry.npmjs.org/mkdirp/-/mkdirp-1.0.4.tgz",
			"integrity": "sha512-vVqVZQyf3WLx2Shd0qJ9xuvqgAyKPLAiqITEtqW0oIUjzo3PePDd6fW9iFz30ef7Ysp/oiWqbhszeGWW2T6Gzw==",
			"bin": {
				"mkdirp": "bin/cmd.js"
			},
			"engines": {
				"node": ">=10"
			}
		},
		"node_modules/ms": {
			"version": "2.1.2",
			"resolved": "https://registry.npmjs.org/ms/-/ms-2.1.2.tgz",
			"integrity": "sha512-sGkPx+VjMtmA6MX27oA4FBFELFCZZ4S4XqeGOXCv68tT+jb3vk/RyaKWP0PTKyWtmLSM0b+adUTEvbs1PEaH2w=="
		},
		"node_modules/node-fetch": {
			"version": "2.6.7",
			"resolved": "https://registry.npmjs.org/node-fetch/-/node-fetch-2.6.7.tgz",
			"integrity": "sha512-ZjMPFEfVx5j+y2yF35Kzx5sF7kDzxuDj6ziH4FFbOp87zKDZNx8yExJIb05OGF4Nlt9IHFIMBkRl41VdvcNdbQ==",
			"dependencies": {
				"whatwg-url": "^5.0.0"
			},
			"engines": {
				"node": "4.x || >=6.0.0"
			},
			"peerDependencies": {
				"encoding": "^0.1.0"
			},
			"peerDependenciesMeta": {
				"encoding": {
					"optional": true
				}
			}
		},
		"node_modules/once": {
			"version": "1.4.0",
			"resolved": "https://registry.npmjs.org/once/-/once-1.4.0.tgz",
			"integrity": "sha512-lNaJgI+2Q5URQBkccEKHTQOPaXdUxnZZElQTZY0MFUAuaEqe1E+Nyvgdz/aIyNi6Z9MzO5dv1H8n58/GELp3+w==",
			"dependencies": {
				"wrappy": "1"
			}
		},
		"node_modules/pend": {
			"version": "1.2.0",
			"resolved": "https://registry.npmjs.org/pend/-/pend-1.2.0.tgz",
			"integrity": "sha512-F3asv42UuXchdzt+xXqfW1OGlVBe+mxa2mqI0pg5yAHZPvFmY3Y6drSf/GQ1A86WgWEN9Kzh/WrgKa6iGcHXLg=="
		},
		"node_modules/prompts": {
			"version": "2.4.2",
			"resolved": "https://registry.npmjs.org/prompts/-/prompts-2.4.2.tgz",
			"integrity": "sha512-NxNv/kLguCA7p3jE8oL2aEBsrJWgAakBpgmgK6lpPWV+WuOmY6r2/zbAVnP+T8bQlA0nzHXSJSJW0Hq7ylaD2Q==",
			"dependencies": {
				"kleur": "^3.0.3",
				"sisteransi": "^1.0.5"
			},
			"engines": {
				"node": ">= 6"
			}
		},
		"node_modules/pump": {
			"version": "3.0.0",
			"resolved": "https://registry.npmjs.org/pump/-/pump-3.0.0.tgz",
			"integrity": "sha512-LwZy+p3SFs1Pytd/jYct4wpv49HiYCqd9Rlc5ZVdk0V+8Yzv6jR5Blk3TRmPL1ft69TxP0IMZGJ+WPFU2BFhww==",
			"dependencies": {
				"end-of-stream": "^1.1.0",
				"once": "^1.3.1"
			}
		},
		"node_modules/require-directory": {
			"version": "2.1.1",
			"resolved": "https://registry.npmjs.org/require-directory/-/require-directory-2.1.1.tgz",
			"integrity": "sha512-fGxEI7+wsG9xrvdjsrlmL22OMTTiHRwAMroiEeMgq8gzoLC/PQr7RsRDSTLUg/bZAZtF+TVIkHc6/4RIKrui+Q==",
			"engines": {
				"node": ">=0.10.0"
			}
		},
		"node_modules/semver": {
			"version": "7.3.7",
			"resolved": "https://registry.npmjs.org/semver/-/semver-7.3.7.tgz",
			"integrity": "sha512-QlYTucUYOews+WeEujDoEGziz4K6c47V/Bd+LjSSYcA94p+DmINdf7ncaUinThfvZyu13lN9OY1XDxt8C0Tw0g==",
			"dependencies": {
				"lru-cache": "^6.0.0"
			},
			"bin": {
				"semver": "bin/semver.js"
			},
			"engines": {
				"node": ">=10"
			}
		},
		"node_modules/sisteransi": {
			"version": "1.0.5",
			"resolved": "https://registry.npmjs.org/sisteransi/-/sisteransi-1.0.5.tgz",
			"integrity": "sha512-bLGGlR1QxBcynn2d5YmDX4MGjlZvy2MRBDRNHLJ8VI6l6+9FUiyTFNJ0IveOSP0bcXgVDPRcfGqA0pjaqUpfVg=="
		},
		"node_modules/string-width": {
			"version": "4.2.3",
			"resolved": "https://registry.npmjs.org/string-width/-/string-width-4.2.3.tgz",
			"integrity": "sha512-wKyQRQpjJ0sIp62ErSZdGsjMJWsap5oRNihHhu6G7JVO/9jIB6UyevL+tXuOqrng8j/cxKTWyWUwvSTriiZz/g==",
			"dependencies": {
				"emoji-regex": "^8.0.0",
				"is-fullwidth-code-point": "^3.0.0",
				"strip-ansi": "^6.0.1"
			},
			"engines": {
				"node": ">=8"
			}
		},
		"node_modules/strip-ansi": {
			"version": "6.0.1",
			"resolved": "https://registry.npmjs.org/strip-ansi/-/strip-ansi-6.0.1.tgz",
			"integrity": "sha512-Y38VPSHcqkFrCpFnQ9vuSXmquuv5oXOKpGeT6aGrr3o3Gc9AlVa6JBfUSOCnbxGGZF+/0ooI7KrPuUSztUdU5A==",
			"dependencies": {
				"ansi-regex": "^5.0.1"
			},
			"engines": {
				"node": ">=8"
			}
		},
		"node_modules/tar": {
			"version": "6.1.11",
			"resolved": "https://registry.npmjs.org/tar/-/tar-6.1.11.tgz",
			"integrity": "sha512-an/KZQzQUkZCkuoAA64hM92X0Urb6VpRhAFllDzz44U2mcD5scmT3zBc4VgVpkugF580+DQn8eAFSyoQt0tznA==",
			"dependencies": {
				"chownr": "^2.0.0",
				"fs-minipass": "^2.0.0",
				"minipass": "^3.0.0",
				"minizlib": "^2.1.1",
				"mkdirp": "^1.0.3",
				"yallist": "^4.0.0"
			},
			"engines": {
				"node": ">= 10"
			}
		},
		"node_modules/tr46": {
			"version": "0.0.3",
			"resolved": "https://registry.npmjs.org/tr46/-/tr46-0.0.3.tgz",
			"integrity": "sha512-N3WMsuqV66lT30CrXNbEjx4GEwlow3v6rr4mCcv6prnfwhS01rkgyFdjPNBYd9br7LpXV1+Emh01fHnq2Gdgrw=="
		},
		"node_modules/typescript": {
			"version": "4.7.4",
			"resolved": "https://registry.npmjs.org/typescript/-/typescript-4.7.4.tgz",
			"integrity": "sha512-C0WQT0gezHuw6AdY1M2jxUO83Rjf0HP7Sk1DtXj6j1EwkQNZrHAg2XPWlq62oqEhYvONq5pkC2Y9oPljWToLmQ==",
			"dev": true,
			"bin": {
				"tsc": "bin/tsc",
				"tsserver": "bin/tsserver"
			},
			"engines": {
				"node": ">=4.2.0"
			}
		},
		"node_modules/universal-user-agent": {
			"version": "6.0.0",
			"resolved": "https://registry.npmjs.org/universal-user-agent/-/universal-user-agent-6.0.0.tgz",
			"integrity": "sha512-isyNax3wXoKaulPDZWHQqbmIx1k2tb9fb3GGDBRxCscfYV2Ch7WxPArBsFEG8s/safwXTT7H4QGhaIkTp9447w=="
		},
		"node_modules/validate-npm-package-name": {
			"version": "4.0.0",
			"resolved": "https://registry.npmjs.org/validate-npm-package-name/-/validate-npm-package-name-4.0.0.tgz",
			"integrity": "sha512-mzR0L8ZDktZjpX4OB46KT+56MAhl4EIazWP/+G/HPGuvfdaqg4YsCdtOm6U9+LOFyYDoh4dpnpxZRB9MQQns5Q==",
			"dependencies": {
				"builtins": "^5.0.0"
			},
			"engines": {
				"node": "^12.13.0 || ^14.15.0 || >=16.0.0"
			}
		},
		"node_modules/webidl-conversions": {
			"version": "3.0.1",
			"resolved": "https://registry.npmjs.org/webidl-conversions/-/webidl-conversions-3.0.1.tgz",
			"integrity": "sha512-2JAn3z8AR6rjK8Sm8orRC0h/bcl/DqL7tRPdGZ4I1CjdF+EaMLmYxBHyXuKL849eucPFhvBoxMsflfOb8kxaeQ=="
		},
		"node_modules/whatwg-url": {
			"version": "5.0.0",
			"resolved": "https://registry.npmjs.org/whatwg-url/-/whatwg-url-5.0.0.tgz",
			"integrity": "sha512-saE57nupxk6v3HY35+jzBwYa0rKSy0XR8JSxZPwgLr7ys0IBzhGviA1/TUGJLmSVqs8pb9AnvICXEuOHLprYTw==",
			"dependencies": {
				"tr46": "~0.0.3",
				"webidl-conversions": "^3.0.0"
			}
		},
		"node_modules/wrap-ansi": {
			"version": "7.0.0",
			"resolved": "https://registry.npmjs.org/wrap-ansi/-/wrap-ansi-7.0.0.tgz",
			"integrity": "sha512-YVGIj2kamLSTxw6NsZjoBxfSwsn0ycdesmc4p+Q21c5zPuZ1pl+NfxVdxPtdHvmNVOQ6XSYG4AUtyt/Fi7D16Q==",
			"dependencies": {
				"ansi-styles": "^4.0.0",
				"string-width": "^4.1.0",
				"strip-ansi": "^6.0.0"
			},
			"engines": {
				"node": ">=10"
			},
			"funding": {
				"url": "https://github.com/chalk/wrap-ansi?sponsor=1"
			}
		},
		"node_modules/wrappy": {
			"version": "1.0.2",
			"resolved": "https://registry.npmjs.org/wrappy/-/wrappy-1.0.2.tgz",
			"integrity": "sha512-l4Sp/DRseor9wL6EvV2+TuQn63dMkPjZ/sp9XkghTEbV9KlPS1xUsZ3u7/IQO4wxtcFB4bgpQPRcR3QCvezPcQ=="
		},
		"node_modules/y18n": {
			"version": "5.0.8",
			"resolved": "https://registry.npmjs.org/y18n/-/y18n-5.0.8.tgz",
			"integrity": "sha512-0pfFzegeDWJHJIAmTLRP2DwHjdF5s7jo9tuztdQxAhINCdvS+3nGINqPd00AphqJR/0LhANUS6/+7SCb98YOfA==",
			"engines": {
				"node": ">=10"
			}
		},
		"node_modules/yallist": {
			"version": "4.0.0",
			"resolved": "https://registry.npmjs.org/yallist/-/yallist-4.0.0.tgz",
			"integrity": "sha512-3wdGidZyq5PB084XLES5TpOSRA3wjXAlIWMhum2kRcv/41Sn2emQ0dycQW4uZXLejwKvg6EsvbdlVL+FYEct7A=="
		},
		"node_modules/yargs": {
			"version": "17.5.1",
			"resolved": "https://registry.npmjs.org/yargs/-/yargs-17.5.1.tgz",
			"integrity": "sha512-t6YAJcxDkNX7NFYiVtKvWUz8l+PaKTLiL63mJYWR2GnHq2gjEWISzsLp9wg3aY36dY1j+gfIEL3pIF+XlJJfbA==",
			"dependencies": {
				"cliui": "^7.0.2",
				"escalade": "^3.1.1",
				"get-caller-file": "^2.0.5",
				"require-directory": "^2.1.1",
				"string-width": "^4.2.3",
				"y18n": "^5.0.5",
				"yargs-parser": "^21.0.0"
			},
			"engines": {
				"node": ">=12"
			}
		},
		"node_modules/yargs-parser": {
			"version": "21.1.1",
			"resolved": "https://registry.npmjs.org/yargs-parser/-/yargs-parser-21.1.1.tgz",
			"integrity": "sha512-tVpsJW7DdjecAiFpbIB1e3qxIQsE6NoPc5/eTdrbbIC4h0LVsWhnoa3g+m2HclBIujHzsxZ4VJVA+GUuc2/LBw==",
			"engines": {
				"node": ">=12"
			}
		},
		"node_modules/yauzl": {
			"version": "2.10.0",
			"resolved": "https://registry.npmjs.org/yauzl/-/yauzl-2.10.0.tgz",
			"integrity": "sha512-p4a9I6X6nu6IhoGmBqAcbJy1mlC4j27vEPZX9F4L4/vZT3Lyq1VkFHw/V/PUcB9Buo+DG3iHkT0x3Qya58zc3g==",
			"dependencies": {
				"buffer-crc32": "~0.2.3",
				"fd-slicer": "~1.1.0"
			}
		},
		"node_modules/zola-bin": {
			"resolved": "packages/zola-bin",
			"link": true
		},
		"node_modules/zola-bin-darwin": {
			"version": "0.16.2",
			"resolved": "https://registry.npmjs.org/zola-bin-darwin/-/zola-bin-darwin-0.16.2.tgz",
			"integrity": "sha512-r3UX4xG7KLZfy8ta9I6MIlPVi60yBJx2z0xdWHJNEUatbRsnSShp2WoJFce/SMTxqxOjbt9gmCJDcAPybNpaYg==",
			"optional": true,
			"os": [
				"darwin"
			]
		},
		"node_modules/zola-bin-linux": {
			"version": "0.16.2",
			"resolved": "https://registry.npmjs.org/zola-bin-linux/-/zola-bin-linux-0.16.2.tgz",
			"integrity": "sha512-ZiR1BOOWp6Nd9PqhwN7t7iUx7TokdWlnkmNxeYsGxoflL7ExTkT57yX8xperDO+U3Vut15VUZfFb3c30GKws8w==",
			"optional": true,
			"os": [
				"linux"
			]
		},
		"node_modules/zola-bin-win32": {
			"version": "0.16.2",
			"resolved": "https://registry.npmjs.org/zola-bin-win32/-/zola-bin-win32-0.16.2.tgz",
			"integrity": "sha512-UVvpJllZoWZc/dmVfsI6eGG2R8G5Yqchgfa95RYi/I18ePN4Cz/0Wg3pInqCc37qL0DymYg8czODjQ5eLftYBQ==",
			"optional": true,
			"os": [
				"win32"
			]
		},
		"packages/create-zola-site": {
			"version": "0.1.4",
			"license": "MIT",
			"dependencies": {
				"prompts": "^2.4.2",
				"validate-npm-package-name": "^4.0.0",
				"yargs": "^17.5.1"
			},
			"bin": {
				"create-zola-site": "index.js"
			},
			"devDependencies": {
				"zola-bin": "^0.3.5"
			},
			"engines": {
				"node": ">=14.0.0"
			}
		},
		"packages/zola-bin": {
			"version": "0.3.5",
			"license": "MIT",
			"dependencies": {
				"dotenv": "16.0.1"
			},
			"bin": {
				"zola-bin": "bin/zola.js"
			},
			"devDependencies": {
				"typescript": "^4.7.4"
			},
			"engines": {
				"node": ">=14.0.0"
			},
			"optionalDependencies": {
				"zola-bin-darwin": "^0.16.2",
				"zola-bin-linux": "^0.16.2",
				"zola-bin-win32": "^0.16.2"
			}
		}
	},
	"dependencies": {
		"@octokit/auth-token": {
			"version": "3.0.1",
			"resolved": "https://registry.npmjs.org/@octokit/auth-token/-/auth-token-3.0.1.tgz",
			"integrity": "sha512-/USkK4cioY209wXRpund6HZzHo9GmjakpV9ycOkpMcMxMk7QVcVFVyCMtzvXYiHsB2crgDgrtNYSELYFBXhhaA==",
			"requires": {
				"@octokit/types": "^7.0.0"
			}
		},
		"@octokit/core": {
			"version": "4.0.5",
			"resolved": "https://registry.npmjs.org/@octokit/core/-/core-4.0.5.tgz",
			"integrity": "sha512-4R3HeHTYVHCfzSAi0C6pbGXV8UDI5Rk+k3G7kLVNckswN9mvpOzW9oENfjfH3nEmzg8y3AmKmzs8Sg6pLCeOCA==",
			"requires": {
				"@octokit/auth-token": "^3.0.0",
				"@octokit/graphql": "^5.0.0",
				"@octokit/request": "^6.0.0",
				"@octokit/request-error": "^3.0.0",
				"@octokit/types": "^7.0.0",
				"before-after-hook": "^2.2.0",
				"universal-user-agent": "^6.0.0"
			}
		},
		"@octokit/endpoint": {
			"version": "7.0.1",
			"resolved": "https://registry.npmjs.org/@octokit/endpoint/-/endpoint-7.0.1.tgz",
			"integrity": "sha512-/wTXAJwt0HzJ2IeE4kQXO+mBScfzyCkI0hMtkIaqyXd9zg76OpOfNQfHL9FlaxAV2RsNiOXZibVWloy8EexENg==",
			"requires": {
				"@octokit/types": "^7.0.0",
				"is-plain-object": "^5.0.0",
				"universal-user-agent": "^6.0.0"
			}
		},
		"@octokit/graphql": {
			"version": "5.0.1",
			"resolved": "https://registry.npmjs.org/@octokit/graphql/-/graphql-5.0.1.tgz",
			"integrity": "sha512-sxmnewSwAixkP1TrLdE6yRG53eEhHhDTYUykUwdV9x8f91WcbhunIHk9x1PZLALdBZKRPUO2HRcm4kezZ79HoA==",
			"requires": {
				"@octokit/request": "^6.0.0",
				"@octokit/types": "^7.0.0",
				"universal-user-agent": "^6.0.0"
			}
		},
		"@octokit/openapi-types": {
			"version": "13.0.1",
			"resolved": "https://registry.npmjs.org/@octokit/openapi-types/-/openapi-types-13.0.1.tgz",
			"integrity": "sha512-40U39YoFBhJhmkAg6gbJnh9U8aueJwCuiTW0mXY2pNl9/+E7dUxXiMPOrIUGT12XqLinroaXYA3FUiw3BMeNfg=="
		},
		"@octokit/plugin-paginate-rest": {
			"version": "4.0.0",
			"resolved": "https://registry.npmjs.org/@octokit/plugin-paginate-rest/-/plugin-paginate-rest-4.0.0.tgz",
			"integrity": "sha512-g4GJMt/7VDmIMMdQenN6bmsmRoZca1c7IxOdF2yMiMwQYrE2bmmypGQeQSD5rsaffsFMCUS7Br4pMVZamareYA==",
			"requires": {
				"@octokit/types": "^7.0.0"
			}
		},
		"@octokit/plugin-request-log": {
			"version": "1.0.4",
			"resolved": "https://registry.npmjs.org/@octokit/plugin-request-log/-/plugin-request-log-1.0.4.tgz",
			"integrity": "sha512-mLUsMkgP7K/cnFEw07kWqXGF5LKrOkD+lhCrKvPHXWDywAwuDUeDwWBpc69XK3pNX0uKiVt8g5z96PJ6z9xCFA==",
			"requires": {}
		},
		"@octokit/plugin-rest-endpoint-methods": {
			"version": "6.3.0",
			"resolved": "https://registry.npmjs.org/@octokit/plugin-rest-endpoint-methods/-/plugin-rest-endpoint-methods-6.3.0.tgz",
			"integrity": "sha512-qEu2wn6E7hqluZwIEUnDxWROvKjov3zMIAi4H4d7cmKWNMeBprEXZzJe8pE5eStUYC1ysGhD0B7L6IeG1Rfb+g==",
			"requires": {
				"@octokit/types": "^7.0.0",
				"deprecation": "^2.3.1"
			}
		},
		"@octokit/request": {
			"version": "6.2.1",
			"resolved": "https://registry.npmjs.org/@octokit/request/-/request-6.2.1.tgz",
			"integrity": "sha512-gYKRCia3cpajRzDSU+3pt1q2OcuC6PK8PmFIyxZDWCzRXRSIBH8jXjFJ8ZceoygBIm0KsEUg4x1+XcYBz7dHPQ==",
			"requires": {
				"@octokit/endpoint": "^7.0.0",
				"@octokit/request-error": "^3.0.0",
				"@octokit/types": "^7.0.0",
				"is-plain-object": "^5.0.0",
				"node-fetch": "^2.6.7",
				"universal-user-agent": "^6.0.0"
			}
		},
		"@octokit/request-error": {
			"version": "3.0.1",
			"resolved": "https://registry.npmjs.org/@octokit/request-error/-/request-error-3.0.1.tgz",
			"integrity": "sha512-ym4Bp0HTP7F3VFssV88WD1ZyCIRoE8H35pXSKwLeMizcdZAYc/t6N9X9Yr9n6t3aG9IH75XDnZ6UeZph0vHMWQ==",
			"requires": {
				"@octokit/types": "^7.0.0",
				"deprecation": "^2.0.0",
				"once": "^1.4.0"
			}
		},
		"@octokit/rest": {
			"version": "19.0.4",
			"resolved": "https://registry.npmjs.org/@octokit/rest/-/rest-19.0.4.tgz",
			"integrity": "sha512-LwG668+6lE8zlSYOfwPj4FxWdv/qFXYBpv79TWIQEpBLKA9D/IMcWsF/U9RGpA3YqMVDiTxpgVpEW3zTFfPFTA==",
			"requires": {
				"@octokit/core": "^4.0.0",
				"@octokit/plugin-paginate-rest": "^4.0.0",
				"@octokit/plugin-request-log": "^1.0.4",
				"@octokit/plugin-rest-endpoint-methods": "^6.0.0"
			}
		},
		"@octokit/types": {
			"version": "7.0.0",
			"resolved": "https://registry.npmjs.org/@octokit/types/-/types-7.0.0.tgz",
			"integrity": "sha512-8uSDc66p6+wADn6lh6lA7I3ZTIapn7F/dfpsiDztVjEr6kkyKR3qPqa4lgEX92O/8iJoDeGcscKRXGAjCSR/zg==",
			"requires": {
				"@octokit/openapi-types": "^13.0.0"
			}
		},
		"@types/node": {
			"version": "18.7.23",
			"resolved": "https://registry.npmjs.org/@types/node/-/node-18.7.23.tgz",
			"integrity": "sha512-DWNcCHolDq0ZKGizjx2DZjR/PqsYwAcYUJmfMWqtVU2MBMG5Mo+xFZrhGId5r/O5HOuMPyQEcM6KUBp5lBZZBg==",
			"devOptional": true
		},
		"@types/yauzl": {
			"version": "2.10.0",
			"resolved": "https://registry.npmjs.org/@types/yauzl/-/yauzl-2.10.0.tgz",
			"integrity": "sha512-Cn6WYCm0tXv8p6k+A8PvbDG763EDpBoTzHdA+Q/MF6H3sapGjCm9NzoaJncJS9tUKSuCoDs9XHxYYsQDgxR6kw==",
			"optional": true,
			"requires": {
				"@types/node": "*"
			}
		},
		"ansi-regex": {
			"version": "5.0.1",
			"resolved": "https://registry.npmjs.org/ansi-regex/-/ansi-regex-5.0.1.tgz",
			"integrity": "sha512-quJQXlTSUGL2LH9SUXo8VwsY4soanhgo6LNSm84E1LBcE8s3O0wpdiRzyR9z/ZZJMlMWv37qOOb9pdJlMUEKFQ=="
		},
		"ansi-styles": {
			"version": "4.3.0",
			"resolved": "https://registry.npmjs.org/ansi-styles/-/ansi-styles-4.3.0.tgz",
			"integrity": "sha512-zbB9rCJAT1rbjiVDb2hqKFHNYLxgtk8NURxZ3IZwD3F6NtxbXZQCnnSi1Lkx+IDohdPlFp222wVALIheZJQSEg==",
			"requires": {
				"color-convert": "^2.0.1"
			}
		},
		"before-after-hook": {
			"version": "2.2.2",
			"resolved": "https://registry.npmjs.org/before-after-hook/-/before-after-hook-2.2.2.tgz",
			"integrity": "sha512-3pZEU3NT5BFUo/AD5ERPWOgQOCZITni6iavr5AUw5AUwQjMlI0kzu5btnyD39AF0gUEsDPwJT+oY1ORBJijPjQ=="
		},
		"buffer-crc32": {
			"version": "0.2.13",
			"resolved": "https://registry.npmjs.org/buffer-crc32/-/buffer-crc32-0.2.13.tgz",
			"integrity": "sha512-VO9Ht/+p3SN7SKWqcrgEzjGbRSJYTx+Q1pTQC0wrWqHx0vpJraQ6GtHx8tvcg1rlK1byhU5gccxgOgj7B0TDkQ=="
		},
		"builtins": {
			"version": "5.0.1",
			"resolved": "https://registry.npmjs.org/builtins/-/builtins-5.0.1.tgz",
			"integrity": "sha512-qwVpFEHNfhYJIzNRBvd2C1kyo6jz3ZSMPyyuR47OPdiKWlbYnZNyDWuyR175qDnAJLiCo5fBBqPb3RiXgWlkOQ==",
			"requires": {
				"semver": "^7.0.0"
			}
		},
		"chownr": {
			"version": "2.0.0",
			"resolved": "https://registry.npmjs.org/chownr/-/chownr-2.0.0.tgz",
			"integrity": "sha512-bIomtDF5KGpdogkLd9VspvFzk9KfpyyGlS8YFVZl7TGPBHL5snIOnxeshwVgPteQ9b4Eydl+pVbIyE1DcvCWgQ=="
		},
		"cliui": {
			"version": "7.0.4",
			"resolved": "https://registry.npmjs.org/cliui/-/cliui-7.0.4.tgz",
			"integrity": "sha512-OcRE68cOsVMXp1Yvonl/fzkQOyjLSu/8bhPDfQt0e0/Eb283TKP20Fs2MqoPsr9SwA595rRCA+QMzYc9nBP+JQ==",
			"requires": {
				"string-width": "^4.2.0",
				"strip-ansi": "^6.0.0",
				"wrap-ansi": "^7.0.0"
			}
		},
		"color-convert": {
			"version": "2.0.1",
			"resolved": "https://registry.npmjs.org/color-convert/-/color-convert-2.0.1.tgz",
			"integrity": "sha512-RRECPsj7iu/xb5oKYcsFHSppFNnsj/52OVTRKb4zP5onXwVF3zVmmToNcOfGC+CRDpfK/U584fMg38ZHCaElKQ==",
			"requires": {
				"color-name": "~1.1.4"
			}
		},
		"color-name": {
			"version": "1.1.4",
			"resolved": "https://registry.npmjs.org/color-name/-/color-name-1.1.4.tgz",
			"integrity": "sha512-dOy+3AuW3a2wNbZHIuMZpTcgjGuLU/uBL/ubcZF9OXbDo8ff4O8yVp5Bf0efS8uEoYo5q4Fx7dY9OgQGXgAsQA=="
		},
		"create-zola-site": {
			"version": "file:packages/create-zola-site",
			"requires": {
				"prompts": "^2.4.2",
				"validate-npm-package-name": "^4.0.0",
				"yargs": "^17.5.1",
				"zola-bin": "^0.3.5"
			}
		},
		"debug": {
			"version": "4.3.4",
			"resolved": "https://registry.npmjs.org/debug/-/debug-4.3.4.tgz",
			"integrity": "sha512-PRWFHuSU3eDtQJPvnNY7Jcket1j0t5OuOsFzPPzsekD52Zl8qUfFIPEiswXqIvHWGVHOgX+7G/vCNNhehwxfkQ==",
			"requires": {
				"ms": "2.1.2"
			}
		},
		"deprecation": {
			"version": "2.3.1",
			"resolved": "https://registry.npmjs.org/deprecation/-/deprecation-2.3.1.tgz",
			"integrity": "sha512-xmHIy4F3scKVwMsQ4WnVaS8bHOx0DmVwRywosKhaILI0ywMDWPtBSku2HNxRvF7jtwDRsoEwYQSfbxj8b7RlJQ=="
		},
		"dotenv": {
			"version": "16.0.1",
			"resolved": "https://registry.npmjs.org/dotenv/-/dotenv-16.0.1.tgz",
			"integrity": "sha512-1K6hR6wtk2FviQ4kEiSjFiH5rpzEVi8WW0x96aztHVMhEspNpc4DVOUTEHtEva5VThQ8IaBX1Pe4gSzpVVUsKQ=="
		},
		"emoji-regex": {
			"version": "8.0.0",
			"resolved": "https://registry.npmjs.org/emoji-regex/-/emoji-regex-8.0.0.tgz",
			"integrity": "sha512-MSjYzcWNOA0ewAHpz0MxpYFvwg6yjy1NG3xteoqz644VCo/RPgnr1/GGt+ic3iJTzQ8Eu3TdM14SawnVUmGE6A=="
		},
		"end-of-stream": {
			"version": "1.4.4",
			"resolved": "https://registry.npmjs.org/end-of-stream/-/end-of-stream-1.4.4.tgz",
			"integrity": "sha512-+uw1inIHVPQoaVuHzRyXd21icM+cnt4CzD5rW+NC1wjOUSTOs+Te7FOv7AhN7vS9x/oIyhLP5PR1H+phQAHu5Q==",
			"requires": {
				"once": "^1.4.0"
			}
		},
		"escalade": {
			"version": "3.1.1",
			"resolved": "https://registry.npmjs.org/escalade/-/escalade-3.1.1.tgz",
			"integrity": "sha512-k0er2gUkLf8O0zKJiAhmkTnJlTvINGv7ygDNPbeIsX/TJjGJZHuh9B2UxbsaEkmlEo9MfhrSzmhIlhRlI2GXnw=="
		},
		"extract-zip": {
			"version": "2.0.1",
			"resolved": "https://registry.npmjs.org/extract-zip/-/extract-zip-2.0.1.tgz",
			"integrity": "sha512-GDhU9ntwuKyGXdZBUgTIe+vXnWj0fppUEtMDL0+idd5Sta8TGpHssn/eusA9mrPr9qNDym6SxAYZjNvCn/9RBg==",
			"requires": {
				"@types/yauzl": "^2.9.1",
				"debug": "^4.1.1",
				"get-stream": "^5.1.0",
				"yauzl": "^2.10.0"
			}
		},
		"fd-slicer": {
			"version": "1.1.0",
			"resolved": "https://registry.npmjs.org/fd-slicer/-/fd-slicer-1.1.0.tgz",
			"integrity": "sha512-cE1qsB/VwyQozZ+q1dGxR8LBYNZeofhEdUNGSMbQD3Gw2lAzX9Zb3uIU6Ebc/Fmyjo9AWWfnn0AUCHqtevs/8g==",
			"requires": {
				"pend": "~1.2.0"
			}
		},
		"fs-minipass": {
			"version": "2.1.0",
			"resolved": "https://registry.npmjs.org/fs-minipass/-/fs-minipass-2.1.0.tgz",
			"integrity": "sha512-V/JgOLFCS+R6Vcq0slCuaeWEdNC3ouDlJMNIsacH2VtALiu9mV4LPrHc5cDl8k5aw6J8jwgWWpiTo5RYhmIzvg==",
			"requires": {
				"minipass": "^3.0.0"
			}
		},
		"get-caller-file": {
			"version": "2.0.5",
			"resolved": "https://registry.npmjs.org/get-caller-file/-/get-caller-file-2.0.5.tgz",
			"integrity": "sha512-DyFP3BM/3YHTQOCUL/w0OZHR0lpKeGrxotcHWcqNEdnltqFwXVfhEBQ94eIo34AfQpo0rGki4cyIiftY06h2Fg=="
		},
		"get-stream": {
			"version": "5.2.0",
			"resolved": "https://registry.npmjs.org/get-stream/-/get-stream-5.2.0.tgz",
			"integrity": "sha512-nBF+F1rAZVCu/p7rjzgA+Yb4lfYXrpl7a6VmJrU8wF9I1CKvP/QwPNZHnOlwbTkY6dvtFIzFMSyQXbLoTQPRpA==",
			"requires": {
				"pump": "^3.0.0"
			}
		},
		"is-fullwidth-code-point": {
			"version": "3.0.0",
			"resolved": "https://registry.npmjs.org/is-fullwidth-code-point/-/is-fullwidth-code-point-3.0.0.tgz",
			"integrity": "sha512-zymm5+u+sCsSWyD9qNaejV3DFvhCKclKdizYaJUuHA83RLjb7nSuGnddCHGv0hk+KY7BMAlsWeK4Ueg6EV6XQg=="
		},
		"is-plain-object": {
			"version": "5.0.0",
			"resolved": "https://registry.npmjs.org/is-plain-object/-/is-plain-object-5.0.0.tgz",
			"integrity": "sha512-VRSzKkbMm5jMDoKLbltAkFQ5Qr7VDiTFGXxYFXXowVj387GeGNOCsOH6Msy00SGZ3Fp84b1Naa1psqgcCIEP5Q=="
		},
		"kleur": {
			"version": "3.0.3",
			"resolved": "https://registry.npmjs.org/kleur/-/kleur-3.0.3.tgz",
			"integrity": "sha512-eTIzlVOSUR+JxdDFepEYcBMtZ9Qqdef+rnzWdRZuMbOywu5tO2w2N7rqjoANZ5k9vywhL6Br1VRjUIgTQx4E8w=="
		},
		"lru-cache": {
			"version": "6.0.0",
			"resolved": "https://registry.npmjs.org/lru-cache/-/lru-cache-6.0.0.tgz",
			"integrity": "sha512-Jo6dJ04CmSjuznwJSS3pUeWmd/H0ffTlkXXgwZi+eq1UCmqQwCh+eLsYOYCwY991i2Fah4h1BEMCx4qThGbsiA==",
			"requires": {
				"yallist": "^4.0.0"
			}
		},
		"minipass": {
			"version": "3.3.4",
			"resolved": "https://registry.npmjs.org/minipass/-/minipass-3.3.4.tgz",
			"integrity": "sha512-I9WPbWHCGu8W+6k1ZiGpPu0GkoKBeorkfKNuAFBNS1HNFJvke82sxvI5bzcCNpWPorkOO5QQ+zomzzwRxejXiw==",
			"requires": {
				"yallist": "^4.0.0"
			}
		},
		"minizlib": {
			"version": "2.1.2",
			"resolved": "https://registry.npmjs.org/minizlib/-/minizlib-2.1.2.tgz",
			"integrity": "sha512-bAxsR8BVfj60DWXHE3u30oHzfl4G7khkSuPW+qvpd7jFRHm7dLxOjUk1EHACJ/hxLY8phGJ0YhYHZo7jil7Qdg==",
			"requires": {
				"minipass": "^3.0.0",
				"yallist": "^4.0.0"
			}
		},
		"mkdirp": {
			"version": "1.0.4",
			"resolved": "https://registry.npmjs.org/mkdirp/-/mkdirp-1.0.4.tgz",
			"integrity": "sha512-vVqVZQyf3WLx2Shd0qJ9xuvqgAyKPLAiqITEtqW0oIUjzo3PePDd6fW9iFz30ef7Ysp/oiWqbhszeGWW2T6Gzw=="
		},
		"ms": {
			"version": "2.1.2",
			"resolved": "https://registry.npmjs.org/ms/-/ms-2.1.2.tgz",
			"integrity": "sha512-sGkPx+VjMtmA6MX27oA4FBFELFCZZ4S4XqeGOXCv68tT+jb3vk/RyaKWP0PTKyWtmLSM0b+adUTEvbs1PEaH2w=="
		},
		"node-fetch": {
			"version": "2.6.7",
			"resolved": "https://registry.npmjs.org/node-fetch/-/node-fetch-2.6.7.tgz",
			"integrity": "sha512-ZjMPFEfVx5j+y2yF35Kzx5sF7kDzxuDj6ziH4FFbOp87zKDZNx8yExJIb05OGF4Nlt9IHFIMBkRl41VdvcNdbQ==",
			"requires": {
				"whatwg-url": "^5.0.0"
			}
		},
		"once": {
			"version": "1.4.0",
			"resolved": "https://registry.npmjs.org/once/-/once-1.4.0.tgz",
			"integrity": "sha512-lNaJgI+2Q5URQBkccEKHTQOPaXdUxnZZElQTZY0MFUAuaEqe1E+Nyvgdz/aIyNi6Z9MzO5dv1H8n58/GELp3+w==",
			"requires": {
				"wrappy": "1"
			}
		},
		"pend": {
			"version": "1.2.0",
			"resolved": "https://registry.npmjs.org/pend/-/pend-1.2.0.tgz",
			"integrity": "sha512-F3asv42UuXchdzt+xXqfW1OGlVBe+mxa2mqI0pg5yAHZPvFmY3Y6drSf/GQ1A86WgWEN9Kzh/WrgKa6iGcHXLg=="
		},
		"prompts": {
			"version": "2.4.2",
			"resolved": "https://registry.npmjs.org/prompts/-/prompts-2.4.2.tgz",
			"integrity": "sha512-NxNv/kLguCA7p3jE8oL2aEBsrJWgAakBpgmgK6lpPWV+WuOmY6r2/zbAVnP+T8bQlA0nzHXSJSJW0Hq7ylaD2Q==",
			"requires": {
				"kleur": "^3.0.3",
				"sisteransi": "^1.0.5"
			}
		},
		"pump": {
			"version": "3.0.0",
			"resolved": "https://registry.npmjs.org/pump/-/pump-3.0.0.tgz",
			"integrity": "sha512-LwZy+p3SFs1Pytd/jYct4wpv49HiYCqd9Rlc5ZVdk0V+8Yzv6jR5Blk3TRmPL1ft69TxP0IMZGJ+WPFU2BFhww==",
			"requires": {
				"end-of-stream": "^1.1.0",
				"once": "^1.3.1"
			}
		},
		"require-directory": {
			"version": "2.1.1",
			"resolved": "https://registry.npmjs.org/require-directory/-/require-directory-2.1.1.tgz",
			"integrity": "sha512-fGxEI7+wsG9xrvdjsrlmL22OMTTiHRwAMroiEeMgq8gzoLC/PQr7RsRDSTLUg/bZAZtF+TVIkHc6/4RIKrui+Q=="
		},
		"semver": {
			"version": "7.3.7",
			"resolved": "https://registry.npmjs.org/semver/-/semver-7.3.7.tgz",
			"integrity": "sha512-QlYTucUYOews+WeEujDoEGziz4K6c47V/Bd+LjSSYcA94p+DmINdf7ncaUinThfvZyu13lN9OY1XDxt8C0Tw0g==",
			"requires": {
				"lru-cache": "^6.0.0"
			}
		},
		"sisteransi": {
			"version": "1.0.5",
			"resolved": "https://registry.npmjs.org/sisteransi/-/sisteransi-1.0.5.tgz",
			"integrity": "sha512-bLGGlR1QxBcynn2d5YmDX4MGjlZvy2MRBDRNHLJ8VI6l6+9FUiyTFNJ0IveOSP0bcXgVDPRcfGqA0pjaqUpfVg=="
		},
		"string-width": {
			"version": "4.2.3",
			"resolved": "https://registry.npmjs.org/string-width/-/string-width-4.2.3.tgz",
			"integrity": "sha512-wKyQRQpjJ0sIp62ErSZdGsjMJWsap5oRNihHhu6G7JVO/9jIB6UyevL+tXuOqrng8j/cxKTWyWUwvSTriiZz/g==",
			"requires": {
				"emoji-regex": "^8.0.0",
				"is-fullwidth-code-point": "^3.0.0",
				"strip-ansi": "^6.0.1"
			}
		},
		"strip-ansi": {
			"version": "6.0.1",
			"resolved": "https://registry.npmjs.org/strip-ansi/-/strip-ansi-6.0.1.tgz",
			"integrity": "sha512-Y38VPSHcqkFrCpFnQ9vuSXmquuv5oXOKpGeT6aGrr3o3Gc9AlVa6JBfUSOCnbxGGZF+/0ooI7KrPuUSztUdU5A==",
			"requires": {
				"ansi-regex": "^5.0.1"
			}
		},
		"tar": {
			"version": "6.1.11",
			"resolved": "https://registry.npmjs.org/tar/-/tar-6.1.11.tgz",
			"integrity": "sha512-an/KZQzQUkZCkuoAA64hM92X0Urb6VpRhAFllDzz44U2mcD5scmT3zBc4VgVpkugF580+DQn8eAFSyoQt0tznA==",
			"requires": {
				"chownr": "^2.0.0",
				"fs-minipass": "^2.0.0",
				"minipass": "^3.0.0",
				"minizlib": "^2.1.1",
				"mkdirp": "^1.0.3",
				"yallist": "^4.0.0"
			}
		},
		"tr46": {
			"version": "0.0.3",
			"resolved": "https://registry.npmjs.org/tr46/-/tr46-0.0.3.tgz",
			"integrity": "sha512-N3WMsuqV66lT30CrXNbEjx4GEwlow3v6rr4mCcv6prnfwhS01rkgyFdjPNBYd9br7LpXV1+Emh01fHnq2Gdgrw=="
		},
		"typescript": {
			"version": "4.7.4",
			"resolved": "https://registry.npmjs.org/typescript/-/typescript-4.7.4.tgz",
			"integrity": "sha512-C0WQT0gezHuw6AdY1M2jxUO83Rjf0HP7Sk1DtXj6j1EwkQNZrHAg2XPWlq62oqEhYvONq5pkC2Y9oPljWToLmQ==",
			"dev": true
		},
		"universal-user-agent": {
			"version": "6.0.0",
			"resolved": "https://registry.npmjs.org/universal-user-agent/-/universal-user-agent-6.0.0.tgz",
			"integrity": "sha512-isyNax3wXoKaulPDZWHQqbmIx1k2tb9fb3GGDBRxCscfYV2Ch7WxPArBsFEG8s/safwXTT7H4QGhaIkTp9447w=="
		},
		"validate-npm-package-name": {
			"version": "4.0.0",
			"resolved": "https://registry.npmjs.org/validate-npm-package-name/-/validate-npm-package-name-4.0.0.tgz",
			"integrity": "sha512-mzR0L8ZDktZjpX4OB46KT+56MAhl4EIazWP/+G/HPGuvfdaqg4YsCdtOm6U9+LOFyYDoh4dpnpxZRB9MQQns5Q==",
			"requires": {
				"builtins": "^5.0.0"
			}
		},
		"webidl-conversions": {
			"version": "3.0.1",
			"resolved": "https://registry.npmjs.org/webidl-conversions/-/webidl-conversions-3.0.1.tgz",
			"integrity": "sha512-2JAn3z8AR6rjK8Sm8orRC0h/bcl/DqL7tRPdGZ4I1CjdF+EaMLmYxBHyXuKL849eucPFhvBoxMsflfOb8kxaeQ=="
		},
		"whatwg-url": {
			"version": "5.0.0",
			"resolved": "https://registry.npmjs.org/whatwg-url/-/whatwg-url-5.0.0.tgz",
			"integrity": "sha512-saE57nupxk6v3HY35+jzBwYa0rKSy0XR8JSxZPwgLr7ys0IBzhGviA1/TUGJLmSVqs8pb9AnvICXEuOHLprYTw==",
			"requires": {
				"tr46": "~0.0.3",
				"webidl-conversions": "^3.0.0"
			}
		},
		"wrap-ansi": {
			"version": "7.0.0",
			"resolved": "https://registry.npmjs.org/wrap-ansi/-/wrap-ansi-7.0.0.tgz",
			"integrity": "sha512-YVGIj2kamLSTxw6NsZjoBxfSwsn0ycdesmc4p+Q21c5zPuZ1pl+NfxVdxPtdHvmNVOQ6XSYG4AUtyt/Fi7D16Q==",
			"requires": {
				"ansi-styles": "^4.0.0",
				"string-width": "^4.1.0",
				"strip-ansi": "^6.0.0"
			}
		},
		"wrappy": {
			"version": "1.0.2",
			"resolved": "https://registry.npmjs.org/wrappy/-/wrappy-1.0.2.tgz",
			"integrity": "sha512-l4Sp/DRseor9wL6EvV2+TuQn63dMkPjZ/sp9XkghTEbV9KlPS1xUsZ3u7/IQO4wxtcFB4bgpQPRcR3QCvezPcQ=="
		},
		"y18n": {
			"version": "5.0.8",
			"resolved": "https://registry.npmjs.org/y18n/-/y18n-5.0.8.tgz",
			"integrity": "sha512-0pfFzegeDWJHJIAmTLRP2DwHjdF5s7jo9tuztdQxAhINCdvS+3nGINqPd00AphqJR/0LhANUS6/+7SCb98YOfA=="
		},
		"yallist": {
			"version": "4.0.0",
			"resolved": "https://registry.npmjs.org/yallist/-/yallist-4.0.0.tgz",
			"integrity": "sha512-3wdGidZyq5PB084XLES5TpOSRA3wjXAlIWMhum2kRcv/41Sn2emQ0dycQW4uZXLejwKvg6EsvbdlVL+FYEct7A=="
		},
		"yargs": {
			"version": "17.5.1",
			"resolved": "https://registry.npmjs.org/yargs/-/yargs-17.5.1.tgz",
			"integrity": "sha512-t6YAJcxDkNX7NFYiVtKvWUz8l+PaKTLiL63mJYWR2GnHq2gjEWISzsLp9wg3aY36dY1j+gfIEL3pIF+XlJJfbA==",
			"requires": {
				"cliui": "^7.0.2",
				"escalade": "^3.1.1",
				"get-caller-file": "^2.0.5",
				"require-directory": "^2.1.1",
				"string-width": "^4.2.3",
				"y18n": "^5.0.5",
				"yargs-parser": "^21.0.0"
			}
		},
		"yargs-parser": {
			"version": "21.1.1",
			"resolved": "https://registry.npmjs.org/yargs-parser/-/yargs-parser-21.1.1.tgz",
			"integrity": "sha512-tVpsJW7DdjecAiFpbIB1e3qxIQsE6NoPc5/eTdrbbIC4h0LVsWhnoa3g+m2HclBIujHzsxZ4VJVA+GUuc2/LBw=="
		},
		"yauzl": {
			"version": "2.10.0",
			"resolved": "https://registry.npmjs.org/yauzl/-/yauzl-2.10.0.tgz",
			"integrity": "sha512-p4a9I6X6nu6IhoGmBqAcbJy1mlC4j27vEPZX9F4L4/vZT3Lyq1VkFHw/V/PUcB9Buo+DG3iHkT0x3Qya58zc3g==",
			"requires": {
				"buffer-crc32": "~0.2.3",
				"fd-slicer": "~1.1.0"
			}
		},
		"zola-bin": {
			"version": "file:packages/zola-bin",
			"requires": {
				"dotenv": "16.0.1",
				"typescript": "^4.7.4",
				"zola-bin-darwin": "^0.16.2",
				"zola-bin-linux": "^0.16.2",
				"zola-bin-win32": "^0.16.2"
			}
		},
		"zola-bin-darwin": {
			"version": "0.16.2",
			"resolved": "https://registry.npmjs.org/zola-bin-darwin/-/zola-bin-darwin-0.16.2.tgz",
			"integrity": "sha512-r3UX4xG7KLZfy8ta9I6MIlPVi60yBJx2z0xdWHJNEUatbRsnSShp2WoJFce/SMTxqxOjbt9gmCJDcAPybNpaYg==",
			"optional": true
		},
		"zola-bin-linux": {
			"version": "0.16.2",
			"resolved": "https://registry.npmjs.org/zola-bin-linux/-/zola-bin-linux-0.16.2.tgz",
			"integrity": "sha512-ZiR1BOOWp6Nd9PqhwN7t7iUx7TokdWlnkmNxeYsGxoflL7ExTkT57yX8xperDO+U3Vut15VUZfFb3c30GKws8w==",
			"optional": true
		},
		"zola-bin-win32": {
			"version": "0.16.2",
			"resolved": "https://registry.npmjs.org/zola-bin-win32/-/zola-bin-win32-0.16.2.tgz",
			"integrity": "sha512-UVvpJllZoWZc/dmVfsI6eGG2R8G5Yqchgfa95RYi/I18ePN4Cz/0Wg3pInqCc37qL0DymYg8czODjQ5eLftYBQ==",
			"optional": true
		}
	}
}
