{
	"name": "zola-bin",
	"version": "0.4.0",
	"lockfileVersion": 3,
	"requires": true,
	"packages": {
		"": {
			"name": "zola-bin",
			"version": "0.4.0",
			"license": "MIT",
			"devDependencies": {
				"@napi-rs/cli": "^2.16.3",
				"@types/node": "^20.5.6",
				"smol-toml": "^1.1.2"
			},
			"engines": {
				"node": ">= 16"
			}
		},
		"node_modules/@napi-rs/cli": {
			"version": "2.16.3",
			"resolved": "https://registry.npmjs.org/@napi-rs/cli/-/cli-2.16.3.tgz",
			"integrity": "sha512-3mLNPlbbOhpbIUKicLrJtIearlHXUuXL3UeueYyRRplpVMNkdn8xCyzY6PcYZi3JXR8bmCOiWgkVmLnrSL7DKw==",
			"dev": true,
			"bin": {
				"napi": "scripts/index.js"
			},
			"engines": {
				"node": ">= 10"
			},
			"funding": {
				"type": "github",
				"url": "https://github.com/sponsors/Brooooooklyn"
			}
		},
		"node_modules/@types/node": {
			"version": "20.5.6",
			"resolved": "https://registry.npmjs.org/@types/node/-/node-20.5.6.tgz",
			"integrity": "sha512-Gi5wRGPbbyOTX+4Y2iULQ27oUPrefaB0PxGQJnfyWN3kvEDGM3mIB5M/gQLmitZf7A9FmLeaqxD3L1CXpm3VKQ==",
			"dev": true
		},
		"node_modules/smol-toml": {
			"version": "1.1.2",
			"resolved": "https://registry.npmjs.org/smol-toml/-/smol-toml-1.1.2.tgz",
			"integrity": "sha512-opeweddRVyIFjnNPmEodUn4LlVeiZNE3OZ3QiLvyC/pWxNgW3z02oCTVOFVgYI1w1sSO4nifFCcvw1ADOMs5ag==",
			"dev": true,
			"engines": {
				"node": ">= 18",
				"pnpm": ">= 8"
			}
		},
		"packages/create-zola-site": {
			"version": "0.1.5",
			"extraneous": true,
			"license": "MIT",
			"dependencies": {
				"prompts": "^2.4.2",
				"validate-npm-package-name": "^5.0.0",
				"yargs": "^17.7.1"
			},
			"bin": {
				"create-zola-site": "index.js"
			},
			"devDependencies": {
				"zola-bin": "^0.3.7"
			},
			"engines": {
				"node": ">=14.0.0"
			}
		},
		"packages/zola-bin": {
			"version": "0.3.7",
			"extraneous": true,
			"license": "MIT",
			"dependencies": {
				"dotenv": "16.0.3"
			},
			"bin": {
				"zola-bin": "bin/zola.js"
			},
			"devDependencies": {
				"typescript": "^4.9.5"
			},
			"engines": {
				"node": ">=14.0.0"
			},
			"optionalDependencies": {
				"zola-bin-darwin": "^0.17.2",
				"zola-bin-linux": "^0.17.4",
				"zola-bin-win32": "^0.17.3"
			}
		}
	}
}
